// !$*UTF8*$!
{
	archiveVersion = 1;
	classes = {
	};
	objectVersion = 56;
	objects = {

/* Begin PBXBuildFile section */
		2B8654A829B23EE800742F4A /* AppDelegate.swift in Sources */ = {isa = PBXBuildFile; fileRef = 2B8654A729B23EE800742F4A /* AppDelegate.swift */; };
		2B8654AC29B23EE800742F4A /* HomeViewController.swift in Sources */ = {isa = PBXBuildFile; fileRef = 2B8654AB29B23EE800742F4A /* HomeViewController.swift */; };
		2B8654B129B23EE800742F4A /* Assets.xcassets in Resources */ = {isa = PBXBuildFile; fileRef = 2B8654B029B23EE800742F4A /* Assets.xcassets */; };
		2B8654B429B23EE800742F4A /* LaunchScreen.storyboard in Resources */ = {isa = PBXBuildFile; fileRef = 2B8654B229B23EE800742F4A /* LaunchScreen.storyboard */; };
		2BB9753D29B518CF00F4695C /* AppSession.swift in Sources */ = {isa = PBXBuildFile; fileRef = 2BB9753C29B518CF00F4695C /* AppSession.swift */; };
		2BB9753F29B5190F00F4695C /* AppCoordinator.swift in Sources */ = {isa = PBXBuildFile; fileRef = 2BB9753E29B5190F00F4695C /* AppCoordinator.swift */; };
		2BB9754129B5196800F4695C /* AppWindow.swift in Sources */ = {isa = PBXBuildFile; fileRef = 2BB9754029B5196800F4695C /* AppWindow.swift */; };
		2BB9754429B51ADE00F4695C /* Store.swift in Sources */ = {isa = PBXBuildFile; fileRef = 2BB9754329B51ADE00F4695C /* Store.swift */; };
		2BB9754629B51B1B00F4695C /* State.swift in Sources */ = {isa = PBXBuildFile; fileRef = 2BB9754529B51B1B00F4695C /* State.swift */; };
		2BB9754829B51B8900F4695C /* Model.swift in Sources */ = {isa = PBXBuildFile; fileRef = 2BB9754729B51B8900F4695C /* Model.swift */; };
		2BB9754D29B51C8600F4695C /* Persistence.swift in Sources */ = {isa = PBXBuildFile; fileRef = 2BB9754C29B51C8600F4695C /* Persistence.swift */; };
		2BB9755029B51DC400F4695C /* Extensions.swift in Sources */ = {isa = PBXBuildFile; fileRef = 2BB9754F29B51DC400F4695C /* Extensions.swift */; };
		2BB9755329B52E7300F4695C /* Reducer.swift in Sources */ = {isa = PBXBuildFile; fileRef = 2BB9755229B52E7300F4695C /* Reducer.swift */; };
		2BB9755529B52F5600F4695C /* HomeCoordinator.swift in Sources */ = {isa = PBXBuildFile; fileRef = 2BB9755429B52F5600F4695C /* HomeCoordinator.swift */; };
		2BB9756029B601D600F4695C /* HomeViewController.xib in Resources */ = {isa = PBXBuildFile; fileRef = 2BB9755E29B601D600F4695C /* HomeViewController.xib */; };
		2BB9756929B6151200F4695C /* HomeViewModel.swift in Sources */ = {isa = PBXBuildFile; fileRef = 2BB9756629B6151200F4695C /* HomeViewModel.swift */; };
		2BB9756C29B6A8A800F4695C /* LocationManager.swift in Sources */ = {isa = PBXBuildFile; fileRef = 2BB9756B29B6A8A800F4695C /* LocationManager.swift */; };
		2BB9757129B6AC6F00F4695C /* BluetoothManager.swift in Sources */ = {isa = PBXBuildFile; fileRef = 2BB9757029B6AC6F00F4695C /* BluetoothManager.swift */; };
		2BB9757529B6B31F00F4695C /* EventManager.swift in Sources */ = {isa = PBXBuildFile; fileRef = 2BB9757429B6B31F00F4695C /* EventManager.swift */; };
		2BB9757729B7378000F4695C /* Network.swift in Sources */ = {isa = PBXBuildFile; fileRef = 2BB9757629B7378000F4695C /* Network.swift */; };
/* End PBXBuildFile section */

/* Begin PBXFileReference section */
		2B8654A429B23EE800742F4A /* CountMeIn.app */ = {isa = PBXFileReference; explicitFileType = wrapper.application; includeInIndex = 0; path = CountMeIn.app; sourceTree = BUILT_PRODUCTS_DIR; };
		2B8654A729B23EE800742F4A /* AppDelegate.swift */ = {isa = PBXFileReference; lastKnownFileType = sourcecode.swift; path = AppDelegate.swift; sourceTree = "<group>"; };
		2B8654AB29B23EE800742F4A /* HomeViewController.swift */ = {isa = PBXFileReference; lastKnownFileType = sourcecode.swift; path = HomeViewController.swift; sourceTree = "<group>"; };
		2B8654B029B23EE800742F4A /* Assets.xcassets */ = {isa = PBXFileReference; lastKnownFileType = folder.assetcatalog; path = Assets.xcassets; sourceTree = "<group>"; };
		2B8654B329B23EE800742F4A /* Base */ = {isa = PBXFileReference; lastKnownFileType = file.storyboard; name = Base; path = Base.lproj/LaunchScreen.storyboard; sourceTree = "<group>"; };
		2B8654B529B23EE800742F4A /* Info.plist */ = {isa = PBXFileReference; lastKnownFileType = text.plist.xml; path = Info.plist; sourceTree = "<group>"; };
		2BB9753C29B518CF00F4695C /* AppSession.swift */ = {isa = PBXFileReference; lastKnownFileType = sourcecode.swift; path = AppSession.swift; sourceTree = "<group>"; };
		2BB9753E29B5190F00F4695C /* AppCoordinator.swift */ = {isa = PBXFileReference; lastKnownFileType = sourcecode.swift; path = AppCoordinator.swift; sourceTree = "<group>"; };
		2BB9754029B5196800F4695C /* AppWindow.swift */ = {isa = PBXFileReference; lastKnownFileType = sourcecode.swift; path = AppWindow.swift; sourceTree = "<group>"; };
		2BB9754329B51ADE00F4695C /* Store.swift */ = {isa = PBXFileReference; lastKnownFileType = sourcecode.swift; path = Store.swift; sourceTree = "<group>"; };
		2BB9754529B51B1B00F4695C /* State.swift */ = {isa = PBXFileReference; lastKnownFileType = sourcecode.swift; path = State.swift; sourceTree = "<group>"; };
		2BB9754729B51B8900F4695C /* Model.swift */ = {isa = PBXFileReference; lastKnownFileType = sourcecode.swift; path = Model.swift; sourceTree = "<group>"; };
		2BB9754C29B51C8600F4695C /* Persistence.swift */ = {isa = PBXFileReference; lastKnownFileType = sourcecode.swift; path = Persistence.swift; sourceTree = "<group>"; };
		2BB9754F29B51DC400F4695C /* Extensions.swift */ = {isa = PBXFileReference; lastKnownFileType = sourcecode.swift; path = Extensions.swift; sourceTree = "<group>"; };
		2BB9755229B52E7300F4695C /* Reducer.swift */ = {isa = PBXFileReference; lastKnownFileType = sourcecode.swift; name = Reducer.swift; path = ../../../../Desktop/Reducer.swift; sourceTree = "<group>"; };
		2BB9755429B52F5600F4695C /* HomeCoordinator.swift */ = {isa = PBXFileReference; lastKnownFileType = sourcecode.swift; path = HomeCoordinator.swift; sourceTree = "<group>"; };
		2BB9755E29B601D600F4695C /* HomeViewController.xib */ = {isa = PBXFileReference; lastKnownFileType = file.xib; path = HomeViewController.xib; sourceTree = "<group>"; };
		2BB9756629B6151200F4695C /* HomeViewModel.swift */ = {isa = PBXFileReference; lastKnownFileType = sourcecode.swift; path = HomeViewModel.swift; sourceTree = "<group>"; };
		2BB9756B29B6A8A800F4695C /* LocationManager.swift */ = {isa = PBXFileReference; lastKnownFileType = sourcecode.swift; path = LocationManager.swift; sourceTree = "<group>"; };
		2BB9757029B6AC6F00F4695C /* BluetoothManager.swift */ = {isa = PBXFileReference; lastKnownFileType = sourcecode.swift; path = BluetoothManager.swift; sourceTree = "<group>"; };
		2BB9757429B6B31F00F4695C /* EventManager.swift */ = {isa = PBXFileReference; lastKnownFileType = sourcecode.swift; path = EventManager.swift; sourceTree = "<group>"; };
		2BB9757629B7378000F4695C /* Network.swift */ = {isa = PBXFileReference; lastKnownFileType = sourcecode.swift; path = Network.swift; sourceTree = "<group>"; };
/* End PBXFileReference section */

/* Begin PBXFrameworksBuildPhase section */
		2B8654A129B23EE800742F4A /* Frameworks */ = {
			isa = PBXFrameworksBuildPhase;
			buildActionMask = 2147483647;
			files = (
			);
			runOnlyForDeploymentPostprocessing = 0;
		};
/* End PBXFrameworksBuildPhase section */

/* Begin PBXGroup section */
		2B86549B29B23EE800742F4A = {
			isa = PBXGroup;
			children = (
				2B8654A629B23EE800742F4A /* Sources */,
				2B8654BB29B2410C00742F4A /* Resources */,
				2B8654BF29B2413300742F4A /* Extras */,
				2B8654A529B23EE800742F4A /* Products */,
			);
			sourceTree = "<group>";
		};
		2B8654A529B23EE800742F4A /* Products */ = {
			isa = PBXGroup;
			children = (
				2B8654A429B23EE800742F4A /* CountMeIn.app */,
			);
			name = Products;
			sourceTree = "<group>";
		};
		2B8654A629B23EE800742F4A /* Sources */ = {
			isa = PBXGroup;
			children = (
				2BB9753A29B5188F00F4695C /* App */,
				2BB9754B29B51C7800F4695C /* Core */,
				2BB9754E29B51DB800F4695C /* Others */,
			);
			path = Sources;
			sourceTree = "<group>";
		};
		2B8654BB29B2410C00742F4A /* Resources */ = {
			isa = PBXGroup;
			children = (
				2B8654B229B23EE800742F4A /* LaunchScreen.storyboard */,
				2B8654B029B23EE800742F4A /* Assets.xcassets */,
			);
			path = Resources;
			sourceTree = "<group>";
		};
		2B8654BF29B2413300742F4A /* Extras */ = {
			isa = PBXGroup;
			children = (
				2B8654B529B23EE800742F4A /* Info.plist */,
			);
			path = Extras;
			sourceTree = "<group>";
		};
		2BB9753A29B5188F00F4695C /* App */ = {
			isa = PBXGroup;
			children = (
				2B8654A729B23EE800742F4A /* AppDelegate.swift */,
				2BB9753C29B518CF00F4695C /* AppSession.swift */,
				2BB9753E29B5190F00F4695C /* AppCoordinator.swift */,
				2BB9754029B5196800F4695C /* AppWindow.swift */,
				2BB9753B29B5189700F4695C /* Home */,
			);
			name = App;
			sourceTree = "<group>";
		};
		2BB9753B29B5189700F4695C /* Home */ = {
			isa = PBXGroup;
			children = (
				2BB9755429B52F5600F4695C /* HomeCoordinator.swift */,
				2B8654AB29B23EE800742F4A /* HomeViewController.swift */,
				2BB9755E29B601D600F4695C /* HomeViewController.xib */,
				2BB9756629B6151200F4695C /* HomeViewModel.swift */,
			);
			name = Home;
			sourceTree = "<group>";
		};
		2BB9754229B51ACF00F4695C /* Model */ = {
			isa = PBXGroup;
			children = (
				2BB9754729B51B8900F4695C /* Model.swift */,
				2BB9755229B52E7300F4695C /* Reducer.swift */,
				2BB9754529B51B1B00F4695C /* State.swift */,
				2BB9754329B51ADE00F4695C /* Store.swift */,
			);
			name = Model;
			sourceTree = "<group>";
		};
		2BB9754B29B51C7800F4695C /* Core */ = {
			isa = PBXGroup;
			children = (
				2BB9756D29B6A98700F4695C /* Managers */,
				2BB9754229B51ACF00F4695C /* Model */,
				2BB9757229B6AC8800F4695C /* Services */,
			);
			name = Core;
			sourceTree = "<group>";
		};
		2BB9754E29B51DB800F4695C /* Others */ = {
			isa = PBXGroup;
			children = (
				2BB9754F29B51DC400F4695C /* Extensions.swift */,
			);
			name = Others;
			sourceTree = "<group>";
		};
		2BB9756D29B6A98700F4695C /* Managers */ = {
			isa = PBXGroup;
			children = (
				2BB9757029B6AC6F00F4695C /* BluetoothManager.swift */,
				2BB9757429B6B31F00F4695C /* EventManager.swift */,
				2BB9756B29B6A8A800F4695C /* LocationManager.swift */,
			);
			name = Managers;
			sourceTree = "<group>";
		};
		2BB9757229B6AC8800F4695C /* Services */ = {
			isa = PBXGroup;
			children = (
				2BB9754C29B51C8600F4695C /* Persistence.swift */,
				2BB9757629B7378000F4695C /* Network.swift */,
			);
			name = Services;
			sourceTree = "<group>";
		};
/* End PBXGroup section */

/* Begin PBXNativeTarget section */
		2B8654A329B23EE800742F4A /* CountMeIn */ = {
			isa = PBXNativeTarget;
			buildConfigurationList = 2B8654B829B23EE800742F4A /* Build configuration list for PBXNativeTarget "CountMeIn" */;
			buildPhases = (
				2B8654A029B23EE800742F4A /* Sources */,
				2B8654A129B23EE800742F4A /* Frameworks */,
				2B8654A229B23EE800742F4A /* Resources */,
			);
			buildRules = (
			);
			dependencies = (
			);
			name = CountMeIn;
			productName = CountMeIn;
			productReference = 2B8654A429B23EE800742F4A /* CountMeIn.app */;
			productType = "com.apple.product-type.application";
		};
/* End PBXNativeTarget section */

/* Begin PBXProject section */
		2B86549C29B23EE800742F4A /* Project object */ = {
			isa = PBXProject;
			attributes = {
				BuildIndependentTargetsInParallel = 1;
				LastSwiftUpdateCheck = 1400;
				LastUpgradeCheck = 1400;
				TargetAttributes = {
					2B8654A329B23EE800742F4A = {
						CreatedOnToolsVersion = 14.0.1;
					};
				};
			};
			buildConfigurationList = 2B86549F29B23EE800742F4A /* Build configuration list for PBXProject "CountMeIn" */;
			compatibilityVersion = "Xcode 14.0";
			developmentRegion = en;
			hasScannedForEncodings = 0;
			knownRegions = (
				en,
				Base,
			);
			mainGroup = 2B86549B29B23EE800742F4A;
			productRefGroup = 2B8654A529B23EE800742F4A /* Products */;
			projectDirPath = "";
			projectRoot = "";
			targets = (
				2B8654A329B23EE800742F4A /* CountMeIn */,
			);
		};
/* End PBXProject section */

/* Begin PBXResourcesBuildPhase section */
		2B8654A229B23EE800742F4A /* Resources */ = {
			isa = PBXResourcesBuildPhase;
			buildActionMask = 2147483647;
			files = (
				2B8654B429B23EE800742F4A /* LaunchScreen.storyboard in Resources */,
				2BB9756029B601D600F4695C /* HomeViewController.xib in Resources */,
				2B8654B129B23EE800742F4A /* Assets.xcassets in Resources */,
			);
			runOnlyForDeploymentPostprocessing = 0;
		};
/* End PBXResourcesBuildPhase section */

/* Begin PBXSourcesBuildPhase section */
		2B8654A029B23EE800742F4A /* Sources */ = {
			isa = PBXSourcesBuildPhase;
			buildActionMask = 2147483647;
			files = (
				2BB9756C29B6A8A800F4695C /* LocationManager.swift in Sources */,
				2BB9753F29B5190F00F4695C /* AppCoordinator.swift in Sources */,
				2BB9756929B6151200F4695C /* HomeViewModel.swift in Sources */,
				2BB9755529B52F5600F4695C /* HomeCoordinator.swift in Sources */,
				2BB9757129B6AC6F00F4695C /* BluetoothManager.swift in Sources */,
				2BB9755329B52E7300F4695C /* Reducer.swift in Sources */,
				2BB9754129B5196800F4695C /* AppWindow.swift in Sources */,
				2BB9753D29B518CF00F4695C /* AppSession.swift in Sources */,
				2BB9754429B51ADE00F4695C /* Store.swift in Sources */,
				2BB9754D29B51C8600F4695C /* Persistence.swift in Sources */,
				2BB9757729B7378000F4695C /* Network.swift in Sources */,
				2BB9757529B6B31F00F4695C /* EventManager.swift in Sources */,
				2B8654AC29B23EE800742F4A /* HomeViewController.swift in Sources */,
				2BB9754629B51B1B00F4695C /* State.swift in Sources */,
				2B8654A829B23EE800742F4A /* AppDelegate.swift in Sources */,
				2BB9755029B51DC400F4695C /* Extensions.swift in Sources */,
				2BB9754829B51B8900F4695C /* Model.swift in Sources */,
			);
			runOnlyForDeploymentPostprocessing = 0;
		};
/* End PBXSourcesBuildPhase section */

/* Begin PBXVariantGroup section */
		2B8654B229B23EE800742F4A /* LaunchScreen.storyboard */ = {
			isa = PBXVariantGroup;
			children = (
				2B8654B329B23EE800742F4A /* Base */,
			);
			name = LaunchScreen.storyboard;
			sourceTree = "<group>";
		};
/* End PBXVariantGroup section */

/* Begin XCBuildConfiguration section */
		2B8654B629B23EE800742F4A /* Debug */ = {
			isa = XCBuildConfiguration;
			buildSettings = {
				ALWAYS_SEARCH_USER_PATHS = NO;
				CLANG_ANALYZER_NONNULL = YES;
				CLANG_ANALYZER_NUMBER_OBJECT_CONVERSION = YES_AGGRESSIVE;
				CLANG_CXX_LANGUAGE_STANDARD = "gnu++20";
				CLANG_ENABLE_MODULES = YES;
				CLANG_ENABLE_OBJC_ARC = YES;
				CLANG_ENABLE_OBJC_WEAK = YES;
				CLANG_WARN_BLOCK_CAPTURE_AUTORELEASING = YES;
				CLANG_WARN_BOOL_CONVERSION = YES;
				CLANG_WARN_COMMA = YES;
				CLANG_WARN_CONSTANT_CONVERSION = YES;
				CLANG_WARN_DEPRECATED_OBJC_IMPLEMENTATIONS = YES;
				CLANG_WARN_DIRECT_OBJC_ISA_USAGE = YES_ERROR;
				CLANG_WARN_DOCUMENTATION_COMMENTS = YES;
				CLANG_WARN_EMPTY_BODY = YES;
				CLANG_WARN_ENUM_CONVERSION = YES;
				CLANG_WARN_INFINITE_RECURSION = YES;
				CLANG_WARN_INT_CONVERSION = YES;
				CLANG_WARN_NON_LITERAL_NULL_CONVERSION = YES;
				CLANG_WARN_OBJC_IMPLICIT_RETAIN_SELF = YES;
				CLANG_WARN_OBJC_LITERAL_CONVERSION = YES;
				CLANG_WARN_OBJC_ROOT_CLASS = YES_ERROR;
				CLANG_WARN_QUOTED_INCLUDE_IN_FRAMEWORK_HEADER = YES;
				CLANG_WARN_RANGE_LOOP_ANALYSIS = YES;
				CLANG_WARN_STRICT_PROTOTYPES = YES;
				CLANG_WARN_SUSPICIOUS_MOVE = YES;
				CLANG_WARN_UNGUARDED_AVAILABILITY = YES_AGGRESSIVE;
				CLANG_WARN_UNREACHABLE_CODE = YES;
				CLANG_WARN__DUPLICATE_METHOD_MATCH = YES;
				COPY_PHASE_STRIP = NO;
				DEBUG_INFORMATION_FORMAT = dwarf;
				ENABLE_STRICT_OBJC_MSGSEND = YES;
				ENABLE_TESTABILITY = YES;
				GCC_C_LANGUAGE_STANDARD = gnu11;
				GCC_DYNAMIC_NO_PIC = NO;
				GCC_NO_COMMON_BLOCKS = YES;
				GCC_OPTIMIZATION_LEVEL = 0;
				GCC_PREPROCESSOR_DEFINITIONS = (
					"DEBUG=1",
					"$(inherited)",
				);
				GCC_WARN_64_TO_32_BIT_CONVERSION = YES;
				GCC_WARN_ABOUT_RETURN_TYPE = YES_ERROR;
				GCC_WARN_UNDECLARED_SELECTOR = YES;
				GCC_WARN_UNINITIALIZED_AUTOS = YES_AGGRESSIVE;
				GCC_WARN_UNUSED_FUNCTION = YES;
				GCC_WARN_UNUSED_VARIABLE = YES;
				IPHONEOS_DEPLOYMENT_TARGET = 13.0;
				MTL_ENABLE_DEBUG_INFO = INCLUDE_SOURCE;
				MTL_FAST_MATH = YES;
				ONLY_ACTIVE_ARCH = YES;
				SDKROOT = iphoneos;
				SWIFT_ACTIVE_COMPILATION_CONDITIONS = DEBUG;
				SWIFT_OPTIMIZATION_LEVEL = "-Onone";
			};
			name = Debug;
		};
		2B8654B729B23EE800742F4A /* Release */ = {
			isa = XCBuildConfiguration;
			buildSettings = {
				ALWAYS_SEARCH_USER_PATHS = NO;
				CLANG_ANALYZER_NONNULL = YES;
				CLANG_ANALYZER_NUMBER_OBJECT_CONVERSION = YES_AGGRESSIVE;
				CLANG_CXX_LANGUAGE_STANDARD = "gnu++20";
				CLANG_ENABLE_MODULES = YES;
				CLANG_ENABLE_OBJC_ARC = YES;
				CLANG_ENABLE_OBJC_WEAK = YES;
				CLANG_WARN_BLOCK_CAPTURE_AUTORELEASING = YES;
				CLANG_WARN_BOOL_CONVERSION = YES;
				CLANG_WARN_COMMA = YES;
				CLANG_WARN_CONSTANT_CONVERSION = YES;
				CLANG_WARN_DEPRECATED_OBJC_IMPLEMENTATIONS = YES;
				CLANG_WARN_DIRECT_OBJC_ISA_USAGE = YES_ERROR;
				CLANG_WARN_DOCUMENTATION_COMMENTS = YES;
				CLANG_WARN_EMPTY_BODY = YES;
				CLANG_WARN_ENUM_CONVERSION = YES;
				CLANG_WARN_INFINITE_RECURSION = YES;
				CLANG_WARN_INT_CONVERSION = YES;
				CLANG_WARN_NON_LITERAL_NULL_CONVERSION = YES;
				CLANG_WARN_OBJC_IMPLICIT_RETAIN_SELF = YES;
				CLANG_WARN_OBJC_LITERAL_CONVERSION = YES;
				CLANG_WARN_OBJC_ROOT_CLASS = YES_ERROR;
				CLANG_WARN_QUOTED_INCLUDE_IN_FRAMEWORK_HEADER = YES;
				CLANG_WARN_RANGE_LOOP_ANALYSIS = YES;
				CLANG_WARN_STRICT_PROTOTYPES = YES;
				CLANG_WARN_SUSPICIOUS_MOVE = YES;
				CLANG_WARN_UNGUARDED_AVAILABILITY = YES_AGGRESSIVE;
				CLANG_WARN_UNREACHABLE_CODE = YES;
				CLANG_WARN__DUPLICATE_METHOD_MATCH = YES;
				COPY_PHASE_STRIP = NO;
				DEBUG_INFORMATION_FORMAT = "dwarf-with-dsym";
				ENABLE_NS_ASSERTIONS = NO;
				ENABLE_STRICT_OBJC_MSGSEND = YES;
				GCC_C_LANGUAGE_STANDARD = gnu11;
				GCC_NO_COMMON_BLOCKS = YES;
				GCC_WARN_64_TO_32_BIT_CONVERSION = YES;
				GCC_WARN_ABOUT_RETURN_TYPE = YES_ERROR;
				GCC_WARN_UNDECLARED_SELECTOR = YES;
				GCC_WARN_UNINITIALIZED_AUTOS = YES_AGGRESSIVE;
				GCC_WARN_UNUSED_FUNCTION = YES;
				GCC_WARN_UNUSED_VARIABLE = YES;
				IPHONEOS_DEPLOYMENT_TARGET = 13.0;
				MTL_ENABLE_DEBUG_INFO = NO;
				MTL_FAST_MATH = YES;
				SDKROOT = iphoneos;
				SWIFT_COMPILATION_MODE = wholemodule;
				SWIFT_OPTIMIZATION_LEVEL = "-O";
				VALIDATE_PRODUCT = YES;
			};
			name = Release;
		};
		2B8654B929B23EE800742F4A /* Debug */ = {
			isa = XCBuildConfiguration;
			buildSettings = {
				ASSETCATALOG_COMPILER_APPICON_NAME = AppIcon;
				ASSETCATALOG_COMPILER_GLOBAL_ACCENT_COLOR_NAME = AccentColor;
				CODE_SIGN_IDENTITY = "Apple Development";
				CODE_SIGN_STYLE = Automatic;
				CURRENT_PROJECT_VERSION = 1;
				DEVELOPMENT_TEAM = YPQ42T86U5;
				GENERATE_INFOPLIST_FILE = YES;
				INFOPLIST_FILE = Extras/Info.plist;
				INFOPLIST_KEY_CFBundleDisplayName = CountMeIn;
				INFOPLIST_KEY_LSApplicationCategoryType = "public.app-category.social-networking";
				INFOPLIST_KEY_NSBluetoothAlwaysUsageDescription = "Our app uses bluetooth to find other devices";
				INFOPLIST_KEY_NSLocationWhenInUseUsageDescription = "We use your location to verify that you are in the demonstration";
				INFOPLIST_KEY_UIApplicationSupportsIndirectInputEvents = YES;
				INFOPLIST_KEY_UILaunchStoryboardName = LaunchScreen.storyboard;
				INFOPLIST_KEY_UIRequiredDeviceCapabilities = "bluetooth-le";
				INFOPLIST_KEY_UIStatusBarStyle = UIStatusBarStyleDarkContent;
				INFOPLIST_KEY_UISupportedInterfaceOrientations = UIInterfaceOrientationPortrait;
				INFOPLIST_KEY_UISupportedInterfaceOrientations_iPad = "UIInterfaceOrientationLandscapeLeft UIInterfaceOrientationLandscapeRight UIInterfaceOrientationPortrait UIInterfaceOrientationPortraitUpsideDown";
				LD_RUNPATH_SEARCH_PATHS = (
					"$(inherited)",
					"@executable_path/Frameworks",
				);
				MARKETING_VERSION = 0.0.1;
				PRODUCT_BUNDLE_IDENTIFIER = reuven.example.DemoBluetooth;
				PRODUCT_NAME = "$(TARGET_NAME)";
				PROVISIONING_PROFILE_SPECIFIER = "";
				SWIFT_EMIT_LOC_STRINGS = YES;
				SWIFT_VERSION = 5.0;
				TARGETED_DEVICE_FAMILY = "1,2";
			};
			name = Debug;
		};
		2B8654BA29B23EE800742F4A /* Release */ = {
			isa = XCBuildConfiguration;
			buildSettings = {
				ASSETCATALOG_COMPILER_APPICON_NAME = AppIcon;
				ASSETCATALOG_COMPILER_GLOBAL_ACCENT_COLOR_NAME = AccentColor;
				CODE_SIGN_IDENTITY = "Apple Development";
				CODE_SIGN_STYLE = Automatic;
				CURRENT_PROJECT_VERSION = 1;
				DEVELOPMENT_TEAM = YPQ42T86U5;
				GENERATE_INFOPLIST_FILE = YES;
				INFOPLIST_FILE = Extras/Info.plist;
				INFOPLIST_KEY_CFBundleDisplayName = CountMeIn;
				INFOPLIST_KEY_LSApplicationCategoryType = "public.app-category.social-networking";
				INFOPLIST_KEY_NSBluetoothAlwaysUsageDescription = "Our app uses bluetooth to find other devices";
				INFOPLIST_KEY_NSLocationWhenInUseUsageDescription = "We use your location to verify that you are in the demonstration";
				INFOPLIST_KEY_UIApplicationSupportsIndirectInputEvents = YES;
				INFOPLIST_KEY_UILaunchStoryboardName = LaunchScreen.storyboard;
				INFOPLIST_KEY_UIRequiredDeviceCapabilities = "bluetooth-le";
				INFOPLIST_KEY_UIStatusBarStyle = UIStatusBarStyleDarkContent;
				INFOPLIST_KEY_UISupportedInterfaceOrientations = UIInterfaceOrientationPortrait;
				INFOPLIST_KEY_UISupportedInterfaceOrientations_iPad = "UIInterfaceOrientationLandscapeLeft UIInterfaceOrientationLandscapeRight UIInterfaceOrientationPortrait UIInterfaceOrientationPortraitUpsideDown";
				LD_RUNPATH_SEARCH_PATHS = (
					"$(inherited)",
					"@executable_path/Frameworks",
				);
				MARKETING_VERSION = 0.0.1;
				PRODUCT_BUNDLE_IDENTIFIER = reuven.example.DemoBluetooth;
				PRODUCT_NAME = "$(TARGET_NAME)";
				PROVISIONING_PROFILE_SPECIFIER = "";
				SWIFT_EMIT_LOC_STRINGS = YES;
				SWIFT_VERSION = 5.0;
				TARGETED_DEVICE_FAMILY = "1,2";
			};
			name = Release;
		};
/* End XCBuildConfiguration section */

/* Begin XCConfigurationList section */
		2B86549F29B23EE800742F4A /* Build configuration list for PBXProject "CountMeIn" */ = {
			isa = XCConfigurationList;
			buildConfigurations = (
				2B8654B629B23EE800742F4A /* Debug */,
				2B8654B729B23EE800742F4A /* Release */,
			);
			defaultConfigurationIsVisible = 0;
			defaultConfigurationName = Release;
		};
		2B8654B829B23EE800742F4A /* Build configuration list for PBXNativeTarget "CountMeIn" */ = {
			isa = XCConfigurationList;
			buildConfigurations = (
				2B8654B929B23EE800742F4A /* Debug */,
				2B8654BA29B23EE800742F4A /* Release */,
			);
			defaultConfigurationIsVisible = 0;
			defaultConfigurationName = Release;
		};
/* End XCConfigurationList section */
	};
	rootObject = 2B86549C29B23EE800742F4A /* Project object */;
}
